{
  "name": "express-app",
  "version": "1.0.0",
  "lockfileVersion": 1,
  "requires": true,
  "dependencies": {
    "@greenlock/manager": {
      "version": "3.1.0",
      "resolved": "https://registry.npm.taobao.org/@greenlock/manager/download/@greenlock/manager-3.1.0.tgz",
      "integrity": "sha1-D1QP6U0qsCP+WuoTX7AsAlq0fJ4=",
      "requires": {
        "greenlock-manager-fs": "^3.1.0"
      }
    },
    "@root/acme": {
      "version": "3.0.8",
      "resolved": "https://registry.npm.taobao.org/@root/acme/download/@root/acme-3.0.8.tgz",
      "integrity": "sha1-erFQG36eeqJcWfSDOGL9B42POcQ=",
      "requires": {
        "@root/encoding": "^1.0.1",
        "@root/keypairs": "^0.9.0",
        "@root/pem": "^1.0.4",
        "@root/request": "^1.3.11",
        "@root/x509": "^0.7.2"
      }
    },
    "@root/asn1": {
      "version": "1.0.0",
      "resolved": "https://registry.npm.taobao.org/@root/asn1/download/@root/asn1-1.0.0.tgz",
      "integrity": "sha1-h0jPe0SXMk3pGhVLYGyh3f6Xxdc=",
      "requires": {
        "@root/encoding": "^1.0.1"
      }
    },
    "@root/csr": {
      "version": "0.8.1",
      "resolved": "https://registry.npm.taobao.org/@root/csr/download/@root/csr-0.8.1.tgz",
      "integrity": "sha1-l6G4ITMaTtWJXu4zvttq1Jze904=",
      "requires": {
        "@root/asn1": "^1.0.0",
        "@root/pem": "^1.0.4",
        "@root/x509": "^0.7.2"
      }
    },
    "@root/encoding": {
      "version": "1.0.1",
      "resolved": "https://registry.npm.taobao.org/@root/encoding/download/@root/encoding-1.0.1.tgz",
      "integrity": "sha1-YM88y54iOSJrMOg5THpKJYoWHD4="
    },
    "@root/greenlock": {
      "version": "3.1.5",
      "resolved": "https://registry.npm.taobao.org/@root/greenlock/download/@root/greenlock-3.1.5.tgz",
      "integrity": "sha1-uxd35ks9sCKp7bFixaaUAAN9G60=",
      "requires": {
        "@greenlock/manager": "^3.0.0",
        "@root/acme": "^3.0.8",
        "@root/csr": "^0.8.1",
        "@root/keypairs": "^0.9.0",
        "@root/mkdirp": "^1.0.0",
        "@root/request": "^1.3.10",
        "acme-http-01-standalone": "^3.0.5",
        "cert-info": "^1.5.1",
        "greenlock-manager-fs": "^3.0.5",
        "greenlock-store-fs": "^3.2.0",
        "safe-replace": "^1.1.0"
      }
    },
    "@root/greenlock-express": {
      "version": "3.1.1",
      "resolved": "https://registry.npm.taobao.org/@root/greenlock-express/download/@root/greenlock-express-3.1.1.tgz",
      "integrity": "sha1-qfBJW0xyYiTjFCXnHaDvTxO6eVo=",
      "requires": {
        "@root/greenlock": "^3.1.3",
        "redirect-https": "^1.1.5"
      }
    },
    "@root/keypairs": {
      "version": "0.9.0",
      "resolved": "https://registry.npm.taobao.org/@root/keypairs/download/@root/keypairs-0.9.0.tgz",
      "integrity": "sha1-A0Coqc2GWprcOtXdH5giGnyzEN8=",
      "requires": {
        "@root/encoding": "^1.0.1",
        "@root/pem": "^1.0.4",
        "@root/x509": "^0.7.2"
      }
    },
    "@root/mkdirp": {
      "version": "1.0.0",
      "resolved": "https://registry.npm.taobao.org/@root/mkdirp/download/@root/mkdirp-1.0.0.tgz",
      "integrity": "sha1-8gDilWjXEdM1cVGvDSZI5+ryG28="
    },
    "@root/pem": {
      "version": "1.0.4",
      "resolved": "https://registry.npm.taobao.org/@root/pem/download/@root/pem-1.0.4.tgz",
      "integrity": "sha1-nsw0GcCgXJK47L/gpB9HSXD4xy8="
    },
    "@root/request": {
      "version": "1.4.2",
      "resolved": "https://registry.npm.taobao.org/@root/request/download/@root/request-1.4.2.tgz",
      "integrity": "sha1-pR6Txk64ubDfBvNGd+Y9gjnEMRw="
    },
    "@root/x509": {
      "version": "0.7.2",
      "resolved": "https://registry.npm.taobao.org/@root/x509/download/@root/x509-0.7.2.tgz",
      "integrity": "sha1-Qiyn5GwJ9d3zr4YwY4N3jrAErOE=",
      "requires": {
        "@root/asn1": "^1.0.0",
        "@root/encoding": "^1.0.1"
      }
    },
    "accepts": {
      "version": "1.3.8",
      "resolved": "https://registry.npmmirror.com/accepts/-/accepts-1.3.8.tgz",
      "integrity": "sha512-PYAthTa2m2VKxuvSD3DPC/Gy+U+sOA1LAuT8mkmRuvw+NACSaeXEQ+NHcVF7rONl6qcaxV3Uuemwawk+7+SJLw==",
      "requires": {
        "mime-types": "~2.1.34",
        "negotiator": "0.6.3"
      }
    },
    "acme-http-01-standalone": {
      "version": "3.0.5",
      "resolved": "https://registry.npm.taobao.org/acme-http-01-standalone/download/acme-http-01-standalone-3.0.5.tgz",
      "integrity": "sha1-OFpT4tpgyvxnn+fZzzf2Yl1ELQM="
    },
    "agent-base": {
      "version": "4.3.0",
      "resolved": "https://registry.npm.taobao.org/agent-base/download/agent-base-4.3.0.tgz?cache=0&other_urls=https%3A%2F%2Fregistry.npm.taobao.org%2Fagent-base%2Fdownload%2Fagent-base-4.3.0.tgz",
      "integrity": "sha1-gWXwHENgCbzK0LHRIvBe13Dvxu4=",
      "requires": {
        "es6-promisify": "^5.0.0"
      }
    },
    "array-flatten": {
      "version": "1.1.1",
      "resolved": "https://registry.npmmirror.com/array-flatten/-/array-flatten-1.1.1.tgz",
      "integrity": "sha512-PCVAQswWemu6UdxsDFFX/+gVeYqKAod3D3UVm91jHwynguOwAvYPhx8nNlM++NqRcK6CxxpUafjmhIdKiHibqg=="
    },
    "asn1.js": {
      "version": "5.2.0",
      "resolved": "https://registry.npm.taobao.org/asn1.js/download/asn1.js-5.2.0.tgz",
      "integrity": "sha1-KSwDV/JqR4AqyXJ+h3LAnH/JvYU=",
      "requires": {
        "bn.js": "^4.0.0",
        "inherits": "^2.0.1",
        "minimalistic-assert": "^1.0.0"
      }
    },
    "async": {
      "version": "0.2.10",
      "resolved": "https://registry.npm.taobao.org/async/download/async-0.2.10.tgz",
      "integrity": "sha1-trvgsGdLnXGXCMo43owjfLUmw9E="
    },
    "binary-search-tree": {
      "version": "0.2.5",
      "resolved": "https://registry.npm.taobao.org/binary-search-tree/download/binary-search-tree-0.2.5.tgz",
      "integrity": "sha1-fbs7IQ/coIJFDa0jNMMErzm9x4Q=",
      "requires": {
        "underscore": "~1.4.4"
      }
    },
    "bn.js": {
      "version": "4.11.8",
      "resolved": "https://registry.npm.taobao.org/bn.js/download/bn.js-4.11.8.tgz",
      "integrity": "sha1-LN4J617jQfSEdGuwMJsyU7GxRC8="
    },
    "body-parser": {
      "version": "1.20.1",
      "resolved": "https://registry.npmmirror.com/body-parser/-/body-parser-1.20.1.tgz",
      "integrity": "sha512-jWi7abTbYwajOytWCQc37VulmWiRae5RyTpaCyDcS5/lMdtwSz5lOpDE67srw/HYe35f1z3fDQw+3txg7gNtWw==",
      "requires": {
        "bytes": "3.1.2",
        "content-type": "~1.0.4",
        "debug": "2.6.9",
        "depd": "2.0.0",
        "destroy": "1.2.0",
        "http-errors": "2.0.0",
        "iconv-lite": "0.4.24",
        "on-finished": "2.4.1",
        "qs": "6.11.0",
        "raw-body": "2.5.1",
        "type-is": "~1.6.18",
        "unpipe": "1.0.0"
      }
    },
    "buffer-equal-constant-time": {
      "version": "1.0.1",
      "resolved": "https://registry.npm.taobao.org/buffer-equal-constant-time/download/buffer-equal-constant-time-1.0.1.tgz",
      "integrity": "sha1-+OcRMvf/5uAaXJaXpMbz5I1cyBk="
    },
    "bytes": {
      "version": "3.1.2",
      "resolved": "https://registry.npmmirror.com/bytes/-/bytes-3.1.2.tgz",
      "integrity": "sha512-/Nf7TyzTx6S3yRJObOAV7956r8cr2+Oj8AC5dt8wSP3BQAoeX58NoHyCU8P8zGkNXStjTSi6fzO6F0pBdcYbEg=="
    },
    "call-bind": {
      "version": "1.0.2",
      "resolved": "https://registry.npmmirror.com/call-bind/-/call-bind-1.0.2.tgz",
      "integrity": "sha512-7O+FbCihrB5WGbFYesctwmTKae6rOiIzmz1icreWJ+0aA7LJfuqhEso2T9ncpcFtzMQtzXf2QGGueWJGTYsqrA==",
      "requires": {
        "function-bind": "^1.1.1",
        "get-intrinsic": "^1.0.2"
      }
    },
    "cert-info": {
      "version": "1.5.1",
      "resolved": "https://registry.npm.taobao.org/cert-info/download/cert-info-1.5.1.tgz",
      "integrity": "sha1-kAeMnqLRirqopO2QaKRjIOzw1Rk="
    },
    "content-disposition": {
      "version": "0.5.4",
      "resolved": "https://registry.npmmirror.com/content-disposition/-/content-disposition-0.5.4.tgz",
      "integrity": "sha512-FveZTNuGw04cxlAiWbzi6zTAL/lhehaWbTtgluJh4/E95DqMwTmha3KZN1aAWA8cFIhHzMZUvLevkw5Rqk+tSQ==",
      "requires": {
        "safe-buffer": "5.2.1"
      },
      "dependencies": {
        "safe-buffer": {
          "version": "5.2.1",
          "resolved": "https://registry.npmmirror.com/safe-buffer/-/safe-buffer-5.2.1.tgz",
          "integrity": "sha512-rp3So07KcdmmKbGvgaNxQSJr7bGVSVk5S9Eq1F+ppbRo70+YeaDxkw5Dd8NPN+GD6bjnYm2VuPuCXmpuYvmCXQ=="
        }
      }
    },
    "content-type": {
      "version": "1.0.4",
      "resolved": "https://registry.npmmirror.com/content-type/-/content-type-1.0.4.tgz",
      "integrity": "sha512-hIP3EEPs8tB9AT1L+NUqtwOAps4mk2Zob89MWXMHjHWg9milF/j4osnnQLXBCBFBk/tvIG/tUc9mOUJiPBhPXA=="
    },
    "cookie": {
      "version": "0.5.0",
      "resolved": "https://registry.npmmirror.com/cookie/-/cookie-0.5.0.tgz",
      "integrity": "sha512-YZ3GUyn/o8gfKJlnlX7g7xq4gyO6OSuhGPKaaGssGB2qgDUS0gPgtTvoyZLTt9Ab6dC4hfc9dV5arkvc/OCmrw=="
    },
    "cookie-signature": {
      "version": "1.0.6",
      "resolved": "https://registry.npmmirror.com/cookie-signature/-/cookie-signature-1.0.6.tgz",
      "integrity": "sha512-QADzlaHc8icV8I7vbaJXJwod9HWYp8uCqf1xa4OfNu1T7JVxQIrUgOWtHdNDtPiywmFbiS12VjotIXLrKM3orQ=="
    },
    "debug": {
      "version": "2.6.9",
      "resolved": "https://registry.npmmirror.com/debug/-/debug-2.6.9.tgz",
      "integrity": "sha512-bC7ElrdJaJnPbAP+1EotYvqZsb3ecl5wi6Bfi6BJTUcNowp6cvspg0jXznRTKDjm/E7AdgFBVeAPVMNcKGsHMA==",
      "requires": {
        "ms": "2.0.0"
      }
    },
    "depd": {
      "version": "2.0.0",
      "resolved": "https://registry.npmmirror.com/depd/-/depd-2.0.0.tgz",
      "integrity": "sha512-g7nH6P6dyDioJogAAGprGpCtVImJhpPk/roCzdb3fIh61/s/nPsfR6onyMwkCAR/OlC3yBC0lESvUoQEAssIrw=="
    },
    "destroy": {
      "version": "1.2.0",
      "resolved": "https://registry.npmmirror.com/destroy/-/destroy-1.2.0.tgz",
      "integrity": "sha512-2sJGJTaXIIaR1w4iJSNoN0hnMY7Gpc/n8D4qSCJw8QqFWXf7cuAgnEHxBpweaVcPevC2l3KpjYCx3NypQQgaJg=="
    },
    "ecdsa-sig-formatter": {
      "version": "1.0.11",
      "resolved": "https://registry.npm.taobao.org/ecdsa-sig-formatter/download/ecdsa-sig-formatter-1.0.11.tgz",
      "integrity": "sha1-rg8PothQRe8UqBfao86azQSJ5b8=",
      "requires": {
        "safe-buffer": "^5.0.1"
      }
    },
    "ee-first": {
      "version": "1.1.1",
      "resolved": "https://registry.npmmirror.com/ee-first/-/ee-first-1.1.1.tgz",
      "integrity": "sha512-WMwm9LhRUo+WUaRN+vRuETqG89IgZphVSNkdFgeb6sS/E4OrDIN7t48CAewSHXc6C8lefD8KKfr5vY61brQlow=="
    },
    "encodeurl": {
      "version": "1.0.2",
      "resolved": "https://registry.npmmirror.com/encodeurl/-/encodeurl-1.0.2.tgz",
      "integrity": "sha512-TPJXq8JqFaVYm2CWmPvnP2Iyo4ZSM7/QKcSmuMLDObfpH5fi7RUGmd/rTDf+rut/saiDiQEeVTNgAmJEdAOx0w=="
    },
    "es6-promise": {
      "version": "4.2.8",
      "resolved": "https://registry.npm.taobao.org/es6-promise/download/es6-promise-4.2.8.tgz",
      "integrity": "sha1-TrIVlMlyvEBVPSduUQU5FD21Pgo="
    },
    "es6-promisify": {
      "version": "5.0.0",
      "resolved": "https://registry.npm.taobao.org/es6-promisify/download/es6-promisify-5.0.0.tgz",
      "integrity": "sha1-UQnWLz5W6pZ8S2NQWu8IKRyKUgM=",
      "requires": {
        "es6-promise": "^4.0.3"
      }
    },
    "escape-html": {
      "version": "1.0.3",
      "resolved": "https://registry.npm.taobao.org/escape-html/download/escape-html-1.0.3.tgz",
      "integrity": "sha1-Aljq5NPQwJdN4cFpGI7wBR0dGYg="
    },
    "etag": {
      "version": "1.8.1",
      "resolved": "https://registry.npmmirror.com/etag/-/etag-1.8.1.tgz",
      "integrity": "sha512-aIL5Fx7mawVa300al2BnEE4iNvo1qETxLrPI/o05L7z6go7fCw1J6EQmbK4FmJ2AS7kgVF/KEZWufBfdClMcPg=="
    },
    "express": {
      "version": "4.18.2",
      "resolved": "https://registry.npmmirror.com/express/-/express-4.18.2.tgz",
      "integrity": "sha512-5/PsL6iGPdfQ/lKM1UuielYgv3BUoJfz1aUwU9vHZ+J7gyvwdQXFEBIEIaxeGf0GIcreATNyBExtalisDbuMqQ==",
      "requires": {
        "accepts": "~1.3.8",
        "array-flatten": "1.1.1",
        "body-parser": "1.20.1",
        "content-disposition": "0.5.4",
        "content-type": "~1.0.4",
        "cookie": "0.5.0",
        "cookie-signature": "1.0.6",
        "debug": "2.6.9",
        "depd": "2.0.0",
        "encodeurl": "~1.0.2",
        "escape-html": "~1.0.3",
        "etag": "~1.8.1",
        "finalhandler": "1.2.0",
        "fresh": "0.5.2",
        "http-errors": "2.0.0",
        "merge-descriptors": "1.0.1",
        "methods": "~1.1.2",
        "on-finished": "2.4.1",
        "parseurl": "~1.3.3",
        "path-to-regexp": "0.1.7",
        "proxy-addr": "~2.0.7",
        "qs": "6.11.0",
        "range-parser": "~1.2.1",
        "safe-buffer": "5.2.1",
        "send": "0.18.0",
        "serve-static": "1.15.0",
        "setprototypeof": "1.2.0",
        "statuses": "2.0.1",
        "type-is": "~1.6.18",
        "utils-merge": "1.0.1",
        "vary": "~1.1.2"
      },
      "dependencies": {
        "safe-buffer": {
          "version": "5.2.1",
          "resolved": "https://registry.npmmirror.com/safe-buffer/-/safe-buffer-5.2.1.tgz",
          "integrity": "sha512-rp3So07KcdmmKbGvgaNxQSJr7bGVSVk5S9Eq1F+ppbRo70+YeaDxkw5Dd8NPN+GD6bjnYm2VuPuCXmpuYvmCXQ=="
        }
      }
    },
    "express-http-to-https": {
      "version": "1.1.4",
      "resolved": "https://registry.npm.taobao.org/express-http-to-https/download/express-http-to-https-1.1.4.tgz",
      "integrity": "sha1-rCjy+UPgC4OCv5WdaM2jPgxItws=",
      "requires": {
        "express": "^4.15.3"
      }
    },
    "finalhandler": {
      "version": "1.2.0",
      "resolved": "https://registry.npmmirror.com/finalhandler/-/finalhandler-1.2.0.tgz",
      "integrity": "sha512-5uXcUVftlQMFnWC9qu/svkWv3GTd2PfUhK/3PLkYNAe7FbqJMt3515HaxE6eRL74GdsriiwujiawdaB1BpEISg==",
      "requires": {
        "debug": "2.6.9",
        "encodeurl": "~1.0.2",
        "escape-html": "~1.0.3",
        "on-finished": "2.4.1",
        "parseurl": "~1.3.3",
        "statuses": "2.0.1",
        "unpipe": "~1.0.0"
      }
    },
    "forwarded": {
      "version": "0.2.0",
      "resolved": "https://registry.npmmirror.com/forwarded/-/forwarded-0.2.0.tgz",
      "integrity": "sha512-buRG0fpBtRHSTCOASe6hD258tEubFoRLb4ZNA6NxMVHNw2gOcwHo9wyablzMzOA5z9xA9L1KNjk/Nt6MT9aYow=="
    },
    "fresh": {
      "version": "0.5.2",
      "resolved": "https://registry.npmmirror.com/fresh/-/fresh-0.5.2.tgz",
      "integrity": "sha512-zJ2mQYM18rEFOudeV4GShTGIQ7RbzA7ozbU9I/XBpm7kqgMywgmylMwXHxZJmkVoYkna9d2pVXVXPdYTP9ej8Q=="
    },
    "function-bind": {
      "version": "1.1.1",
      "resolved": "https://registry.npmmirror.com/function-bind/-/function-bind-1.1.1.tgz",
      "integrity": "sha512-yIovAzMX49sF8Yl58fSCWJ5svSLuaibPxXQJFLmBObTuCr0Mf1KiPopGM9NiFjiYBCbfaa2Fh6breQ6ANVTI0A=="
    },
    "get-intrinsic": {
      "version": "1.1.3",
      "resolved": "https://registry.npmmirror.com/get-intrinsic/-/get-intrinsic-1.1.3.tgz",
      "integrity": "sha512-QJVz1Tj7MS099PevUG5jvnt9tSkXN8K14dxQlikJuPt4uD9hHAHjLyLBiLR5zELelBdD9QNRAXZzsJx0WaDL9A==",
      "requires": {
        "function-bind": "^1.1.1",
        "has": "^1.0.3",
        "has-symbols": "^1.0.3"
      }
    },
    "greenlock-express": {
      "version": "3.1.1",
      "resolved": "https://registry.npm.taobao.org/greenlock-express/download/greenlock-express-3.1.1.tgz",
      "integrity": "sha1-gxfVH5Ej2t0PXiVUT0z/4B/i9mk=",
      "requires": {
        "@root/greenlock": "^3.1.3",
        "@root/greenlock-express": "^3.1.1",
        "redirect-https": "^1.1.5"
      }
    },
    "greenlock-manager-fs": {
      "version": "3.1.1",
      "resolved": "https://registry.npm.taobao.org/greenlock-manager-fs/download/greenlock-manager-fs-3.1.1.tgz",
      "integrity": "sha1-iEd9q4/NGmRVAyzFV8gejNRi7Aw=",
      "requires": {
        "@root/mkdirp": "^1.0.0",
        "safe-replace": "^1.1.0"
      }
    },
    "greenlock-store-fs": {
      "version": "3.2.2",
      "resolved": "https://registry.npm.taobao.org/greenlock-store-fs/download/greenlock-store-fs-3.2.2.tgz",
      "integrity": "sha1-5ATTzB+6+I3saRTqLBDUsxJW+qI=",
      "requires": {
        "@root/mkdirp": "^1.0.0",
        "safe-replace": "^1.1.0"
      }
    },
    "has": {
      "version": "1.0.3",
      "resolved": "https://registry.npmmirror.com/has/-/has-1.0.3.tgz",
      "integrity": "sha512-f2dvO0VU6Oej7RkWJGrehjbzMAjFp5/VKPp5tTpWIV4JHHZK1/BxbFRtf/siA2SWTe09caDmVtYYzWEIbBS4zw==",
      "requires": {
        "function-bind": "^1.1.1"
      }
    },
    "has-symbols": {
      "version": "1.0.3",
      "resolved": "https://registry.npmmirror.com/has-symbols/-/has-symbols-1.0.3.tgz",
      "integrity": "sha512-l3LCuF6MgDNwTDKkdYGEihYjt5pRPbEg46rtlmnSPlUbgmB8LOIrKJbYYFBSbnPaJexMKtiPO8hmeRjRz2Td+A=="
    },
    "http-errors": {
      "version": "2.0.0",
      "resolved": "https://registry.npmmirror.com/http-errors/-/http-errors-2.0.0.tgz",
      "integrity": "sha512-FtwrG/euBzaEjYeRqOgly7G0qviiXoJWnvEH2Z1plBdXgbyjv34pHTSb9zoeHMyDy33+DWy5Wt9Wo+TURtOYSQ==",
      "requires": {
        "depd": "2.0.0",
        "inherits": "2.0.4",
        "setprototypeof": "1.2.0",
        "statuses": "2.0.1",
        "toidentifier": "1.0.1"
      },
      "dependencies": {
        "inherits": {
          "version": "2.0.4",
          "resolved": "https://registry.npmmirror.com/inherits/-/inherits-2.0.4.tgz",
          "integrity": "sha512-k/vGaX4/Yla3WzyMCvTQOXYeIHvqOKtnqBduzTHpzpQZzAskKMhZ2K+EnBiSM9zGSoIFeMpXKxa4dYeZIQqewQ=="
        }
      }
    },
    "http_ece": {
      "version": "1.1.0",
      "resolved": "https://registry.npm.taobao.org/http_ece/download/http_ece-1.1.0.tgz",
      "integrity": "sha1-dHgMbrMtjd/p42qDq82B/gzU+3U=",
      "requires": {
        "urlsafe-base64": "~1.0.0"
      }
    },
    "https-proxy-agent": {
      "version": "3.0.1",
      "resolved": "https://registry.npm.taobao.org/https-proxy-agent/download/https-proxy-agent-3.0.1.tgz",
      "integrity": "sha1-uMKGQz6HYCMRsByOo0QT2Fakr4E=",
      "requires": {
        "agent-base": "^4.3.0",
        "debug": "^3.1.0"
      },
      "dependencies": {
        "debug": {
          "version": "3.2.6",
          "resolved": "https://registry.npm.taobao.org/debug/download/debug-3.2.6.tgz",
          "integrity": "sha1-6D0X3hbYp++3cX7b5fsQE17uYps=",
          "requires": {
            "ms": "^2.1.1"
          }
        },
        "ms": {
          "version": "2.1.2",
          "resolved": "https://registry.npm.taobao.org/ms/download/ms-2.1.2.tgz",
          "integrity": "sha1-0J0fNXtEP0kzgqjrPM0YOHKuYAk="
        }
      }
    },
    "iconv-lite": {
      "version": "0.4.24",
      "resolved": "https://registry.npmmirror.com/iconv-lite/-/iconv-lite-0.4.24.tgz",
      "integrity": "sha512-v3MXnZAcvnywkTUEZomIActle7RXXeedOR31wwl7VlyoXO4Qi9arvSenNQWne1TcRwhCL1HwLI21bEqdpj8/rA==",
      "requires": {
        "safer-buffer": ">= 2.1.2 < 3"
      }
    },
    "immediate": {
      "version": "3.0.6",
      "resolved": "https://registry.npm.taobao.org/immediate/download/immediate-3.0.6.tgz",
      "integrity": "sha1-nbHb0Pr43m++D13V5Wu2BigN5ps="
    },
    "inherits": {
      "version": "2.0.3",
      "resolved": "https://registry.npm.taobao.org/inherits/download/inherits-2.0.3.tgz?cache=0&sync_timestamp=1560975547815&other_urls=https%3A%2F%2Fregistry.npm.taobao.org%2Finherits%2Fdownload%2Finherits-2.0.3.tgz",
      "integrity": "sha1-Yzwsg+PaQqUC9SRmAiSA9CCCYd4="
    },
    "ipaddr.js": {
      "version": "1.9.1",
      "resolved": "https://registry.npmmirror.com/ipaddr.js/-/ipaddr.js-1.9.1.tgz",
      "integrity": "sha512-0KI/607xoxSToH7GjN1FfSbLoU0+btTicjsQSWQlh/hZykN8KpmMf7uYwPW3R+akZ6R/w18ZlXSHBYXiYUPO3g=="
    },
    "jwa": {
      "version": "1.4.1",
      "resolved": "https://registry.npm.taobao.org/jwa/download/jwa-1.4.1.tgz?cache=0&sync_timestamp=1576559839448&other_urls=https%3A%2F%2Fregistry.npm.taobao.org%2Fjwa%2Fdownload%2Fjwa-1.4.1.tgz",
      "integrity": "sha1-dDwymFy56YZVUw1TZBtmyGRbA5o=",
      "requires": {
        "buffer-equal-constant-time": "1.0.1",
        "ecdsa-sig-formatter": "1.0.11",
        "safe-buffer": "^5.0.1"
      }
    },
    "jws": {
      "version": "3.2.2",
      "resolved": "https://registry.npm.taobao.org/jws/download/jws-3.2.2.tgz?cache=0&other_urls=https%3A%2F%2Fregistry.npm.taobao.org%2Fjws%2Fdownload%2Fjws-3.2.2.tgz",
      "integrity": "sha1-ABCZ82OUaMlBQADpmZX6UvtHgwQ=",
      "requires": {
        "jwa": "^1.4.1",
        "safe-buffer": "^5.0.1"
      }
    },
    "lie": {
      "version": "3.1.1",
      "resolved": "https://registry.npm.taobao.org/lie/download/lie-3.1.1.tgz",
      "integrity": "sha1-mkNrLMd0bKWd56QfpGmz77dr2H4=",
      "requires": {
        "immediate": "~3.0.5"
      }
    },
    "localforage": {
      "version": "1.7.3",
      "resolved": "https://registry.npm.taobao.org/localforage/download/localforage-1.7.3.tgz",
      "integrity": "sha1-AIKzypc0Z54b1TSZW907JM8Q8gQ=",
      "requires": {
        "lie": "3.1.1"
      }
    },
    "media-typer": {
      "version": "0.3.0",
      "resolved": "https://registry.npmmirror.com/media-typer/-/media-typer-0.3.0.tgz",
      "integrity": "sha512-dq+qelQ9akHpcOl/gUVRTxVIOkAJ1wR3QAvb4RsVjS8oVoFjDGTc679wJYmUmknUF5HwMLOgb5O+a3KxfWapPQ=="
    },
    "merge-descriptors": {
      "version": "1.0.1",
      "resolved": "https://registry.npmmirror.com/merge-descriptors/-/merge-descriptors-1.0.1.tgz",
      "integrity": "sha512-cCi6g3/Zr1iqQi6ySbseM1Xvooa98N0w31jzUYrXPX2xqObmFGHJ0tQ5u74H3mVh7wLouTseZyYIq39g8cNp1w=="
    },
    "methods": {
      "version": "1.1.2",
      "resolved": "https://registry.npmmirror.com/methods/-/methods-1.1.2.tgz",
      "integrity": "sha512-iclAHeNqNm68zFtnZ0e+1L2yUIdvzNoauKU4WBA3VvH/vPFieF7qfRlwUZU+DA9P9bPXIS90ulxoUoCH23sV2w=="
    },
    "mime": {
      "version": "1.6.0",
      "resolved": "https://registry.npmmirror.com/mime/-/mime-1.6.0.tgz",
      "integrity": "sha512-x0Vn8spI+wuJ1O6S7gnbaQg8Pxh4NNHb7KSINmEWKiPE4RKOplvijn+NkmYmmRgP68mc70j2EbeTFRsrswaQeg=="
    },
    "mime-db": {
      "version": "1.52.0",
      "resolved": "https://registry.npmmirror.com/mime-db/-/mime-db-1.52.0.tgz",
      "integrity": "sha512-sPU4uV7dYlvtWJxwwxHD0PuihVNiE7TyAbQ5SWxDCB9mUYvOgroQOwYQQOKPJ8CIbE+1ETVlOoK1UC2nU3gYvg=="
    },
    "mime-types": {
      "version": "2.1.35",
      "resolved": "https://registry.npmmirror.com/mime-types/-/mime-types-2.1.35.tgz",
      "integrity": "sha512-ZDY+bPm5zTTF+YpCrAU9nK0UgICYPT0QtT1NZWFv4s++TNkcgVaT0g6+4R2uI4MjQjzysHB1zxuWL50hzaeXiw==",
      "requires": {
        "mime-db": "1.52.0"
      }
    },
    "minimalistic-assert": {
      "version": "1.0.1",
      "resolved": "https://registry.npm.taobao.org/minimalistic-assert/download/minimalistic-assert-1.0.1.tgz",
      "integrity": "sha1-LhlN4ERibUoQ5/f7wAznPoPk1cc="
    },
    "minimist": {
      "version": "0.0.8",
      "resolved": "https://registry.npm.taobao.org/minimist/download/minimist-0.0.8.tgz",
      "integrity": "sha1-hX/Kv8M5fSYluCKCYuhqp6ARsF0="
    },
    "mkdirp": {
      "version": "0.5.1",
      "resolved": "https://registry.npm.taobao.org/mkdirp/download/mkdirp-0.5.1.tgz",
      "integrity": "sha1-MAV0OOrGz3+MR2fzhkjWaX11yQM=",
      "requires": {
        "minimist": "0.0.8"
      }
    },
    "ms": {
      "version": "2.0.0",
      "resolved": "https://registry.npmmirror.com/ms/-/ms-2.0.0.tgz",
      "integrity": "sha512-Tpp60P6IUJDTuOq/5Z8cdskzJujfwqfOTkrwIwj7IRISpnkJnT6SyJ4PCPnGMoFjC9ddhal5KVIYtAt97ix05A=="
    },
    "nedb": {
      "version": "1.8.0",
      "resolved": "https://registry.npm.taobao.org/nedb/download/nedb-1.8.0.tgz",
      "integrity": "sha1-DjUCzYLABNU1WkPJ5VV3vXvZHYg=",
      "requires": {
        "async": "0.2.10",
        "binary-search-tree": "0.2.5",
        "localforage": "^1.3.0",
        "mkdirp": "~0.5.1",
        "underscore": "~1.4.4"
      }
    },
    "negotiator": {
      "version": "0.6.3",
      "resolved": "https://registry.npmmirror.com/negotiator/-/negotiator-0.6.3.tgz",
      "integrity": "sha512-+EUsqGPLsM+j/zdChZjsnX51g4XrHFOIXwfnCVPGlQk/k5giakcKsuxCObBRu6DSm9opw/O6slWbJdghQM4bBg=="
    },
    "node-fetch": {
      "version": "2.6.0",
      "resolved": "https://registry.npm.taobao.org/node-fetch/download/node-fetch-2.6.0.tgz?cache=0&sync_timestamp=1570621787133&other_urls=https%3A%2F%2Fregistry.npm.taobao.org%2Fnode-fetch%2Fdownload%2Fnode-fetch-2.6.0.tgz",
      "integrity": "sha1-5jNFY4bUqlWGP2dqerDaqP3ssP0="
    },
    "object-inspect": {
      "version": "1.12.2",
      "resolved": "https://registry.npmmirror.com/object-inspect/-/object-inspect-1.12.2.tgz",
      "integrity": "sha512-z+cPxW0QGUp0mcqcsgQyLVRDoXFQbXOwBaqyF7VIgI4TWNQsDHrBpUQslRmIfAoYWdYzs6UlKJtB2XJpTaNSpQ=="
    },
    "on-finished": {
      "version": "2.4.1",
      "resolved": "https://registry.npmmirror.com/on-finished/-/on-finished-2.4.1.tgz",
      "integrity": "sha512-oVlzkg3ENAhCk2zdv7IJwd/QUD4z2RxRwpkcGY8psCVcCYZNq4wYnVWALHM+brtuJjePWiYF/ClmuDr8Ch5+kg==",
      "requires": {
        "ee-first": "1.1.1"
      }
    },
    "parseurl": {
      "version": "1.3.3",
      "resolved": "https://registry.npmmirror.com/parseurl/-/parseurl-1.3.3.tgz",
      "integrity": "sha512-CiyeOxFT/JZyN5m0z9PfXw4SCBJ6Sygz1Dpl0wqjlhDEGGBP1GnsUVEL0p63hoG1fcj3fHynXi9NYO4nWOL+qQ=="
    },
    "path-to-regexp": {
      "version": "0.1.7",
      "resolved": "https://registry.npmmirror.com/path-to-regexp/-/path-to-regexp-0.1.7.tgz",
      "integrity": "sha512-5DFkuoqlv1uYQKxy8omFBeJPQcdoE07Kv2sferDCrAq1ohOU+MSDswDIbnx3YAM60qIOnYa53wBhXW0EbMonrQ=="
    },
    "proxy-addr": {
      "version": "2.0.7",
      "resolved": "https://registry.npmmirror.com/proxy-addr/-/proxy-addr-2.0.7.tgz",
      "integrity": "sha512-llQsMLSUDUPT44jdrU/O37qlnifitDP+ZwrmmZcoSKyLKvtZxpyV0n2/bD/N4tBAAZ/gJEdZU7KMraoK1+XYAg==",
      "requires": {
        "forwarded": "0.2.0",
        "ipaddr.js": "1.9.1"
      }
    },
    "qs": {
      "version": "6.11.0",
      "resolved": "https://registry.npmmirror.com/qs/-/qs-6.11.0.tgz",
      "integrity": "sha512-MvjoMCJwEarSbUYk5O+nmoSzSutSsTwF85zcHPQ9OrlFoZOYIjaqBAJIqIXjptyD5vThxGq52Xu/MaJzRkIk4Q==",
      "requires": {
        "side-channel": "^1.0.4"
      }
    },
    "range-parser": {
      "version": "1.2.1",
      "resolved": "https://registry.npmmirror.com/range-parser/-/range-parser-1.2.1.tgz",
      "integrity": "sha512-Hrgsx+orqoygnmhFbKaHE6c296J+HTAQXoxEF6gNupROmmGJRoyzfG3ccAveqCBrwr/2yxQ5BVd/GTl5agOwSg=="
    },
    "raw-body": {
      "version": "2.5.1",
      "resolved": "https://registry.npmmirror.com/raw-body/-/raw-body-2.5.1.tgz",
      "integrity": "sha512-qqJBtEyVgS0ZmPGdCFPWJ3FreoqvG4MVQln/kCgF7Olq95IbOp0/BWyMwbdtn4VTvkM8Y7khCQ2Xgk/tcrCXig==",
      "requires": {
        "bytes": "3.1.2",
        "http-errors": "2.0.0",
        "iconv-lite": "0.4.24",
        "unpipe": "1.0.0"
      }
    },
    "redirect-https": {
      "version": "1.3.0",
      "resolved": "https://registry.npm.taobao.org/redirect-https/download/redirect-https-1.3.0.tgz",
      "integrity": "sha1-VKG86s3a0MMXjUNbzI1kILY/CHo=",
      "requires": {
        "escape-html": "^1.0.3"
      }
    },
    "safe-buffer": {
      "version": "5.1.2",
      "resolved": "https://registry.npm.taobao.org/safe-buffer/download/safe-buffer-5.1.2.tgz",
      "integrity": "sha1-mR7GnSluAxN0fVm9/St0XDX4go0="
    },
    "safe-replace": {
      "version": "1.1.0",
      "resolved": "https://registry.npm.taobao.org/safe-replace/download/safe-replace-1.1.0.tgz",
      "integrity": "sha1-QyghtagTmji1NGeNcS8IUP4+UjU="
    },
    "safer-buffer": {
      "version": "2.1.2",
      "resolved": "https://registry.npmmirror.com/safer-buffer/-/safer-buffer-2.1.2.tgz",
      "integrity": "sha512-YZo3K82SD7Riyi0E1EQPojLz7kpepnSQI9IyPbHHg1XXXevb5dJI7tpyN2ADxGcQbHG7vcyRHk0cbwqcQriUtg=="
    },
    "send": {
      "version": "0.18.0",
      "resolved": "https://registry.npmmirror.com/send/-/send-0.18.0.tgz",
      "integrity": "sha512-qqWzuOjSFOuqPjFe4NOsMLafToQQwBSOEpS+FwEt3A2V3vKubTquT3vmLTQpFgMXp8AlFWFuP1qKaJZOtPpVXg==",
      "requires": {
        "debug": "2.6.9",
        "depd": "2.0.0",
        "destroy": "1.2.0",
        "encodeurl": "~1.0.2",
        "escape-html": "~1.0.3",
        "etag": "~1.8.1",
        "fresh": "0.5.2",
        "http-errors": "2.0.0",
        "mime": "1.6.0",
        "ms": "2.1.3",
        "on-finished": "2.4.1",
        "range-parser": "~1.2.1",
        "statuses": "2.0.1"
      },
      "dependencies": {
        "ms": {
          "version": "2.1.3",
          "resolved": "https://registry.npmmirror.com/ms/-/ms-2.1.3.tgz",
          "integrity": "sha512-6FlzubTLZG3J2a/NVCAleEhjzq5oxgHyaCU9yYXvcLsvoVaHJq/s5xXI6/XXP6tz7R9xAOtHnSO/tXtF3WRTlA=="
        }
      }
    },
    "serve-static": {
      "version": "1.15.0",
      "resolved": "https://registry.npmmirror.com/serve-static/-/serve-static-1.15.0.tgz",
      "integrity": "sha512-XGuRDNjXUijsUL0vl6nSD7cwURuzEgglbOaFuZM9g3kwDXOWVTck0jLzjPzGD+TazWbboZYu52/9/XPdUgne9g==",
      "requires": {
        "encodeurl": "~1.0.2",
        "escape-html": "~1.0.3",
        "parseurl": "~1.3.3",
        "send": "0.18.0"
      }
    },
    "setprototypeof": {
      "version": "1.2.0",
      "resolved": "https://registry.npmmirror.com/setprototypeof/-/setprototypeof-1.2.0.tgz",
      "integrity": "sha512-E5LDX7Wrp85Kil5bhZv46j8jOeboKq5JMmYM3gVGdGH8xFpPWXUMsNrlODCrkoxMEeNi/XZIwuRvY4XNwYMJpw=="
    },
    "side-channel": {
      "version": "1.0.4",
      "resolved": "https://registry.npmmirror.com/side-channel/-/side-channel-1.0.4.tgz",
      "integrity": "sha512-q5XPytqFEIKHkGdiMIrY10mvLRvnQh42/+GoBlFW3b2LXLE2xxJpZFdm94we0BaoV3RwJyGqg5wS7epxTv0Zvw==",
      "requires": {
        "call-bind": "^1.0.0",
        "get-intrinsic": "^1.0.2",
        "object-inspect": "^1.9.0"
      }
    },
    "statuses": {
      "version": "2.0.1",
      "resolved": "https://registry.npmmirror.com/statuses/-/statuses-2.0.1.tgz",
      "integrity": "sha512-RwNA9Z/7PrK06rYLIzFMlaF+l73iwpzsqRIFgbMLbTcLD6cOao82TaWefPXQvB2fOC4AjuYSEndS7N/mTCbkdQ=="
    },
    "toidentifier": {
      "version": "1.0.1",
      "resolved": "https://registry.npmmirror.com/toidentifier/-/toidentifier-1.0.1.tgz",
      "integrity": "sha512-o5sSPKEkg/DIQNmH43V0/uerLrpzVedkUh8tGNvaeXpfpuwjKenlSox/2O/BTlZUtEe+JG7s5YhEz608PlAHRA=="
    },
    "type-is": {
      "version": "1.6.18",
      "resolved": "https://registry.npmmirror.com/type-is/-/type-is-1.6.18.tgz",
      "integrity": "sha512-TkRKr9sUTxEH8MdfuCSP7VizJyzRNMjj2J2do2Jr3Kym598JVdEksuzPQCnlFPW4ky9Q+iA+ma9BGm06XQBy8g==",
      "requires": {
        "media-typer": "0.3.0",
        "mime-types": "~2.1.24"
      }
    },
    "underscore": {
      "version": "1.4.4",
      "resolved": "https://registry.npm.taobao.org/underscore/download/underscore-1.4.4.tgz",
      "integrity": "sha1-YaajIBBiKvoHljvzJSA88SI51gQ="
    },
    "unpipe": {
      "version": "1.0.0",
      "resolved": "https://registry.npmmirror.com/unpipe/-/unpipe-1.0.0.tgz",
      "integrity": "sha512-pjy2bYhSsufwWlKwPc+l3cN7+wuJlK6uz0YdJEOlQDbl6jo/YlPi4mb8agUkVC8BF7V8NuzeyPNqRksA3hztKQ=="
    },
    "urlsafe-base64": {
      "version": "1.0.0",
      "resolved": "https://registry.npm.taobao.org/urlsafe-base64/download/urlsafe-base64-1.0.0.tgz",
      "integrity": "sha1-I/iQaabGL0bPOh07ABac77kL4MY="
    },
    "utils-merge": {
      "version": "1.0.1",
      "resolved": "https://registry.npmmirror.com/utils-merge/-/utils-merge-1.0.1.tgz",
      "integrity": "sha512-pMZTvIkT1d+TFGvDOqodOclx0QWkkgi6Tdoa8gC8ffGAAqz9pzPTZWAybbsHHoED/ztMtkv/VoYTYyShUn81hA=="
    },
    "vary": {
      "version": "1.1.2",
      "resolved": "https://registry.npmmirror.com/vary/-/vary-1.1.2.tgz",
      "integrity": "sha512-BNGbWLfd0eUPabhkXUVm0j8uuvREyTh5ovRa/dyow/BqAbZJyC+5fU+IzQOzmAKzYqYRAISoRhdQr3eIZ/PXqg=="
    },
    "web-push": {
      "version": "3.4.3",
      "resolved": "https://registry.npm.taobao.org/web-push/download/web-push-3.4.3.tgz",
      "integrity": "sha1-iL34qAebJO+8Vp2n0fLDVWEm9Ac=",
      "requires": {
        "asn1.js": "^5.0.0",
        "http_ece": "1.1.0",
        "https-proxy-agent": "^3.0.0",
        "jws": "^3.1.3",
        "minimist": "^1.2.0",
        "urlsafe-base64": "^1.0.0"
      },
      "dependencies": {
        "minimist": {
          "version": "1.2.0",
          "resolved": "https://registry.npm.taobao.org/minimist/download/minimist-1.2.0.tgz",
          "integrity": "sha1-o1AIsg9BOD7sH7kU9M1d95omQoQ="
        }
      }
    }
  }
}
